// !$*UTF8*$!
{
	archiveVersion = 1;
	classes = {
	};
	objectVersion = 46;
	objects = {

/* Begin PBXBuildFile section */
		512B41B51DE3B28100894CCD /* AppDelegate.swift in Sources */ = {isa = PBXBuildFile; fileRef = 512B41B41DE3B28100894CCD /* AppDelegate.swift */; };
		512B41B71DE3B28100894CCD /* ViewController.swift in Sources */ = {isa = PBXBuildFile; fileRef = 512B41B61DE3B28100894CCD /* ViewController.swift */; };
		512B41BA1DE3B28100894CCD /* Main.storyboard in Resources */ = {isa = PBXBuildFile; fileRef = 512B41B81DE3B28100894CCD /* Main.storyboard */; };
		512B41BC1DE3B28100894CCD /* Assets.xcassets in Resources */ = {isa = PBXBuildFile; fileRef = 512B41BB1DE3B28100894CCD /* Assets.xcassets */; };
		512B41BF1DE3B28100894CCD /* LaunchScreen.storyboard in Resources */ = {isa = PBXBuildFile; fileRef = 512B41BD1DE3B28100894CCD /* LaunchScreen.storyboard */; };
/* End PBXBuildFile section */

/* Begin PBXFileReference section */
		512B41B11DE3B28100894CCD /* CSH.app */ = {isa = PBXFileReference; explicitFileType = wrapper.application; includeInIndex = 0; path = CSH.app; sourceTree = BUILT_PRODUCTS_DIR; };
		512B41B41DE3B28100894CCD /* AppDelegate.swift */ = {isa = PBXFileReference; lastKnownFileType = sourcecode.swift; path = AppDelegate.swift; sourceTree = "<group>"; };
		512B41B61DE3B28100894CCD /* ViewController.swift */ = {isa = PBXFileReference; lastKnownFileType = sourcecode.swift; path = ViewController.swift; sourceTree = "<group>"; };
		512B41B91DE3B28100894CCD /* Base */ = {isa = PBXFileReference; lastKnownFileType = file.storyboard; name = Base; path = Base.lproj/Main.storyboard; sourceTree = "<group>"; };
		512B41BB1DE3B28100894CCD /* Assets.xcassets */ = {isa = PBXFileReference; lastKnownFileType = folder.assetcatalog; path = Assets.xcassets; sourceTree = "<group>"; };
		512B41BE1DE3B28100894CCD /* Base */ = {isa = PBXFileReference; lastKnownFileType = file.storyboard; name = Base; path = Base.lproj/LaunchScreen.storyboard; sourceTree = "<group>"; };
		512B41C01DE3B28100894CCD /* Info.plist */ = {isa = PBXFileReference; lastKnownFileType = text.plist.xml; path = Info.plist; sourceTree = "<group>"; };
/* End PBXFileReference section */

/* Begin PBXFrameworksBuildPhase section */
		512B41AE1DE3B28100894CCD /* Frameworks */ = {
			isa = PBXFrameworksBuildPhase;
			buildActionMask = 2147483647;
			files = (
			);
			runOnlyForDeploymentPostprocessing = 0;
		};
/* End PBXFrameworksBuildPhase section */

/* Begin PBXGroup section */
		512B41A81DE3B28100894CCD = {
			isa = PBXGroup;
			children = (
				512B41B31DE3B28100894CCD /* CSH */,
				512B41B21DE3B28100894CCD /* Products */,
			);
			sourceTree = "<group>";
		};
		512B41B21DE3B28100894CCD /* Products */ = {
			isa = PBXGroup;
			children = (
				512B41B11DE3B28100894CCD /* CSH.app */,
			);
			name = Products;
			sourceTree = "<group>";
		};
		512B41B31DE3B28100894CCD /* CSH */ = {
			isa = PBXGroup;
			children = (
				512B41B41DE3B28100894CCD /* AppDelegate.swift */,
				512B41B61DE3B28100894CCD /* ViewController.swift */,
				512B41B81DE3B28100894CCD /* Main.storyboard */,
				512B41BB1DE3B28100894CCD /* Assets.xcassets */,
				512B41BD1DE3B28100894CCD /* LaunchScreen.storyboard */,
				512B41C01DE3B28100894CCD /* Info.plist */,
			);
			path = CSH;
			sourceTree = "<group>";
		};
/* End PBXGroup section */

/* Begin PBXNativeTarget section */
		512B41B01DE3B28100894CCD /* CSH */ = {
			isa = PBXNativeTarget;
			buildConfigurationList = 512B41C31DE3B28100894CCD /* Build configuration list for PBXNativeTarget "CSH" */;
			buildPhases = (
				512B41AD1DE3B28100894CCD /* Sources */,
				512B41AE1DE3B28100894CCD /* Frameworks */,
				512B41AF1DE3B28100894CCD /* Resources */,
			);
			buildRules = (
			);
			dependencies = (
			);
			name = CSH;
			productName = CSH;
			productReference = 512B41B11DE3B28100894CCD /* CSH.app */;
			productType = "com.apple.product-type.application";
		};
/* End PBXNativeTarget section */

/* Begin PBXProject section */
		512B41A91DE3B28100894CCD /* Project object */ = {
			isa = PBXProject;
			attributes = {
				LastSwiftUpdateCheck = 0810;
				LastUpgradeCheck = 0810;
				ORGANIZATIONNAME = "Mitchell Sweet";
				TargetAttributes = {
					512B41B01DE3B28100894CCD = {
						CreatedOnToolsVersion = 8.1;
						DevelopmentTeam = 3TCCEYF5TG;
						ProvisioningStyle = Automatic;
					};
				};
			};
			buildConfigurationList = 512B41AC1DE3B28100894CCD /* Build configuration list for PBXProject "CSH" */;
			compatibilityVersion = "Xcode 3.2";
			developmentRegion = English;
			hasScannedForEncodings = 0;
			knownRegions = (
				en,
				Base,
			);
			mainGroup = 512B41A81DE3B28100894CCD;
			productRefGroup = 512B41B21DE3B28100894CCD /* Products */;
			projectDirPath = "";
			projectRoot = "";
			targets = (
				512B41B01DE3B28100894CCD /* CSH */,
			);
		};
/* End PBXProject section */

/* Begin PBXResourcesBuildPhase section */
		512B41AF1DE3B28100894CCD /* Resources */ = {
			isa = PBXResourcesBuildPhase;
			buildActionMask = 2147483647;
			files = (
				512B41BF1DE3B28100894CCD /* LaunchScreen.storyboard in Resources */,
				512B41BC1DE3B28100894CCD /* Assets.xcassets in Resources */,
				512B41BA1DE3B28100894CCD /* Main.storyboard in Resources */,
			);
			runOnlyForDeploymentPostprocessing = 0;
		};
/* End PBXResourcesBuildPhase section */

/* Begin PBXSourcesBuildPhase section */
		512B41AD1DE3B28100894CCD /* Sources */ = {
			isa = PBXSourcesBuildPhase;
			buildActionMask = 2147483647;
			files = (
				512B41B71DE3B28100894CCD /* ViewController.swift in Sources */,
				512B41B51DE3B28100894CCD /* AppDelegate.swift in Sources */,
			);
			runOnlyForDeploymentPostprocessing = 0;
		};
/* End PBXSourcesBuildPhase section */

/* Begin PBXVariantGroup section */
		512B41B81DE3B28100894CCD /* Main.storyboard */ = {
			isa = PBXVariantGroup;
			children = (
				512B41B91DE3B28100894CCD /* Base */,
			);
			name = Main.storyboard;
			sourceTree = "<group>";
		};
		512B41BD1DE3B28100894CCD /* LaunchScreen.storyboard */ = {
			isa = PBXVariantGroup;
			children = (
				512B41BE1DE3B28100894CCD /* Base */,
			);
			name = LaunchScreen.storyboard;
			sourceTree = "<group>";
		};
/* End PBXVariantGroup section */

/* Begin XCBuildConfiguration section */
		512B41C11DE3B28100894CCD /* Debug */ = {
			isa = XCBuildConfiguration;
			buildSettings = {
				ALWAYS_SEARCH_USER_PATHS = NO;
				CLANG_ANALYZER_NONNULL = YES;
				CLANG_CXX_LANGUAGE_STANDARD = "gnu++0x";
				CLANG_CXX_LIBRARY = "libc++";
				CLANG_ENABLE_MODULES = YES;
				CLANG_ENABLE_OBJC_ARC = YES;
				CLANG_WARN_BOOL_CONVERSION = YES;
				CLANG_WARN_CONSTANT_CONVERSION = YES;
				CLANG_WARN_DIRECT_OBJC_ISA_USAGE = YES_ERROR;
				CLANG_WARN_DOCUMENTATION_COMMENTS = YES;
				CLANG_WARN_EMPTY_BODY = YES;
				CLANG_WARN_ENUM_CONVERSION = YES;
				CLANG_WARN_INFINITE_RECURSION = YES;
				CLANG_WARN_INT_CONVERSION = YES;
				CLANG_WARN_OBJC_ROOT_CLASS = YES_ERROR;
				CLANG_WARN_SUSPICIOUS_MOVES = YES;
				CLANG_WARN_UNREACHABLE_CODE = YES;
				CLANG_WARN__DUPLICATE_METHOD_MATCH = YES;
				"CODE_SIGN_IDENTITY[sdk=iphoneos*]" = "iPhone Developer";
				COPY_PHASE_STRIP = NO;
				DEBUG_INFORMATION_FORMAT = dwarf;
				ENABLE_STRICT_OBJC_MSGSEND = YES;
				ENABLE_TESTABILITY = YES;
				GCC_C_LANGUAGE_STANDARD = gnu99;
				GCC_DYNAMIC_NO_PIC = NO;
				GCC_NO_COMMON_BLOCKS = YES;
				GCC_OPTIMIZATION_LEVEL = 0;
				GCC_PREPROCESSOR_DEFINITIONS = (
					"DEBUG=1",
					"$(inherited)",
				);
				GCC_WARN_64_TO_32_BIT_CONVERSION = YES;
				GCC_WARN_ABOUT_RETURN_TYPE = YES_ERROR;
				GCC_WARN_UNDECLARED_SELECTOR = YES;
				GCC_WARN_UNINITIALIZED_AUTOS = YES_AGGRESSIVE;
				GCC_WARN_UNUSED_FUNCTION = YES;
				GCC_WARN_UNUSED_VARIABLE = YES;
				IPHONEOS_DEPLOYMENT_TARGET = 10.1;
				MTL_ENABLE_DEBUG_INFO = YES;
				ONLY_ACTIVE_ARCH = YES;
				SDKROOT = iphoneos;
				SWIFT_ACTIVE_COMPILATION_CONDITIONS = DEBUG;
				SWIFT_OPTIMIZATION_LEVEL = "-Onone";
			};
			name = Debug;
		};
		512B41C21DE3B28100894CCD /* Release */ = {
			isa = XCBuildConfiguration;
			buildSettings = {
				ALWAYS_SEARCH_USER_PATHS = NO;
				CLANG_ANALYZER_NONNULL = YES;
				CLANG_CXX_LANGUAGE_STANDARD = "gnu++0x";
				CLANG_CXX_LIBRARY = "libc++";
				CLANG_ENABLE_MODULES = YES;
				CLANG_ENABLE_OBJC_ARC = YES;
				CLANG_WARN_BOOL_CONVERSION = YES;
				CLANG_WARN_CONSTANT_CONVERSION = YES;
				CLANG_WARN_DIRECT_OBJC_ISA_USAGE = YES_ERROR;
				CLANG_WARN_DOCUMENTATION_COMMENTS = YES;
				CLANG_WARN_EMPTY_BODY = YES;
				CLANG_WARN_ENUM_CONVERSION = YES;
				CLANG_WARN_INFINITE_RECURSION = YES;
				CLANG_WARN_INT_CONVERSION = YES;
				CLANG_WARN_OBJC_ROOT_CLASS = YES_ERROR;
				CLANG_WARN_SUSPICIOUS_MOVES = YES;
				CLANG_WARN_UNREACHABLE_CODE = YES;
				CLANG_WARN__DUPLICATE_METHOD_MATCH = YES;
				"CODE_SIGN_IDENTITY[sdk=iphoneos*]" = "iPhone Developer";
				COPY_PHASE_STRIP = NO;
				DEBUG_INFORMATION_FORMAT = "dwarf-with-dsym";
				ENABLE_NS_ASSERTIONS = NO;
				ENABLE_STRICT_OBJC_MSGSEND = YES;
				GCC_C_LANGUAGE_STANDARD = gnu99;
				GCC_NO_COMMON_BLOCKS = YES;
				GCC_WARN_64_TO_32_BIT_CONVERSION = YES;
				GCC_WARN_ABOUT_RETURN_TYPE = YES_ERROR;
				GCC_WARN_UNDECLARED_SELECTOR = YES;
				GCC_WARN_UNINITIALIZED_AUTOS = YES_AGGRESSIVE;
				GCC_WARN_UNUSED_FUNCTION = YES;
				GCC_WARN_UNUSED_VARIABLE = YES;
				IPHONEOS_DEPLOYMENT_TARGET = 10.1;
				MTL_ENABLE_DEBUG_INFO = NO;
				SDKROOT = iphoneos;
				SWIFT_OPTIMIZATION_LEVEL = "-Owholemodule";
				VALIDATE_PRODUCT = YES;
			};
			name = Release;
		};
		512B41C41DE3B28100894CCD /* Debug */ = {
			isa = XCBuildConfiguration;
			buildSettings = {
				ASSETCATALOG_COMPILER_APPICON_NAME = AppIcon;
				DEVELOPMENT_TEAM = 3TCCEYF5TG;
				INFOPLIST_FILE = CSH/Info.plist;
				LD_RUNPATH_SEARCH_PATHS = "$(inherited) @executable_path/Frameworks";
				PRODUCT_BUNDLE_IDENTIFIER = com.Mitchell.CSH;
				PRODUCT_NAME = "$(TARGET_NAME)";
				SWIFT_VERSION = 3.0;
			};
			name = Debug;
		};
		512B41C51DE3B28100894CCD /* Release */ = {
			isa = XCBuildConfiguration;
			buildSettings = {
				ASSETCATALOG_COMPILER_APPICON_NAME = AppIcon;
				DEVELOPMENT_TEAM = 3TCCEYF5TG;
				INFOPLIST_FILE = CSH/Info.plist;
				LD_RUNPATH_SEARCH_PATHS = "$(inherited) @executable_path/Frameworks";
				PRODUCT_BUNDLE_IDENTIFIER = com.Mitchell.CSH;
				PRODUCT_NAME = "$(TARGET_NAME)";
				SWIFT_VERSION = 3.0;
			};
			name = Release;
		};
/* End XCBuildConfiguration section */

/* Begin XCConfigurationList section */
		512B41AC1DE3B28100894CCD /* Build configuration list for PBXProject "CSH" */ = {
			isa = XCConfigurationList;
			buildConfigurations = (
				512B41C11DE3B28100894CCD /* Debug */,
				512B41C21DE3B28100894CCD /* Release */,
			);
			defaultConfigurationIsVisible = 0;
			defaultConfigurationName = Release;
		};
		512B41C31DE3B28100894CCD /* Build configuration list for PBXNativeTarget "CSH" */ = {
			isa = XCConfigurationList;
			buildConfigurations = (
				512B41C41DE3B28100894CCD /* Debug */,
				512B41C51DE3B28100894CCD /* Release */,
			);
			defaultConfigurationIsVisible = 0;
		};
/* End XCConfigurationList section */
	};
	rootObject = 512B41A91DE3B28100894CCD /* Project object */;
}
